{
    "name": "formily-antd",
    "version": "1.0.0",
    "lockfileVersion": 1,
    "requires": true,
    "dependencies": {
        "@types/node": {
            "version": "16.4.13",
            "resolved": "https://registry.nlark.com/@types/node/download/@types/node-16.4.13.tgz?cache=0&sync_timestamp=1628211838245&other_urls=https%3A%2F%2Fregistry.nlark.com%2F%40types%2Fnode%2Fdownload%2F%40types%2Fnode-16.4.13.tgz",
            "integrity": "sha1-ff2cFGYe3GXMzUOinrRUF0ZCNw0=",
            "dev": true
        },
        "@types/underscore": {
            "version": "1.11.3",
            "resolved": "https://registry.nlark.com/@types/underscore/download/@types/underscore-1.11.3.tgz",
            "integrity": "sha1-1nNPN0HOQbJjABjGthxnRfYYjAc="
        },
        "prettier": {
            "version": "2.3.2",
            "resolved": "https://registry.nlark.com/prettier/download/prettier-2.3.2.tgz?cache=0&sync_timestamp=1624696193562&other_urls=https%3A%2F%2Fregistry.nlark.com%2Fprettier%2Fdownload%2Fprettier-2.3.2.tgz",
            "integrity": "sha1-7ygKBewlNxLkhiM9tcbyNEHnNC0=",
            "dev": true
        },
        "typescript": {
            "version": "4.3.5",
            "resolved": "https://registry.nlark.com/typescript/download/typescript-4.3.5.tgz?cache=0&other_urls=https%3A%2F%2Fregistry.nlark.com%2Ftypescript%2Fdownload%2Ftypescript-4.3.5.tgz",
            "integrity": "sha1-TRw3zBbok5c8RaBohrcRMjTxGfQ=",
            "dev": true
        },
        "underscore": {
            "version": "1.13.1",
            "resolved": "https://registry.nlark.com/underscore/download/underscore-1.13.1.tgz",
            "integrity": "sha1-DBxr0t9UtrafIxQGbWW2zeb8+dE="
        }
    }
}
